
Microsoft Visual Studio Solution File, Format Version 12.00
# Visual Studio Version 17
VisualStudioVersion = 17.1.32228.430
MinimumVisualStudioVersion = 10.0.40219.1
Project("{8BC9CEB8-8B4A-11D0-8D11-00A0C91BC942}") = "Task_3.2", "Task_3.2\Task_3.2.vcxproj", "{A7974945-9D0C-4F1B-93E9-CAD541FD230E}"
EndProject
Global
	GlobalSection(SolutionConfigurationPlatforms) = preSolution
		Debug|x64 = Debug|x64
		Debug|x86 = Debug|x86
		Release|x64 = Release|x64
		Release|x86 = Release|x86
	EndGlobalSection
	GlobalSection(ProjectConfigurationPlatforms) = postSolution
		{A7974945-9D0C-4F1B-93E9-CAD541FD230E}.Debug|x64.ActiveCfg = Debug|x64
		{A7974945-9D0C-4F1B-93E9-CAD541FD230E}.Debug|x64.Build.0 = Debug|x64
		{A7974945-9D0C-4F1B-93E9-CAD541FD230E}.Debug|x86.ActiveCfg = Debug|Win32
		{A7974945-9D0C-4F1B-93E9-CAD541FD230E}.Debug|x86.Build.0 = Debug|Win32
		{A7974945-9D0C-4F1B-93E9-CAD541FD230E}.Release|x64.ActiveCfg = Release|x64
		{A7974945-9D0C-4F1B-93E9-CAD541FD230E}.Release|x64.Build.0 = Release|x64
		{A7974945-9D0C-4F1B-93E9-CAD541FD230E}.Release|x86.ActiveCfg = Release|Win32
		{A7974945-9D0C-4F1B-93E9-CAD541FD230E}.Release|x86.Build.0 = Release|Win32
	EndGlobalSection
	GlobalSection(SolutionProperties) = preSolution
		HideSolutionNode = FALSE
	EndGlobalSection
	GlobalSection(ExtensibilityGlobals) = postSolution
		SolutionGuid = {B0E60E9F-1654-4F7C-8AF8-2217A76785DE}
	EndGlobalSection
EndGlobal
